<Solution>
  <Folder Name="/src/">
    <Project Path="src/InsuranceClaimSystem.API/InsuranceClaimSystem.API.csproj" />
    <Project Path="src/InsuranceClaimSystem.Application/InsuranceClaimSystem.Application.csproj" />
    <Project Path="src/InsuranceClaimSystem.Domain/InsuranceClaimSystem.Domain.csproj" />
    <Project Path="src/InsuranceClaimSystem.Infrastructure/InsuranceClaimSystem.Infrastructure.csproj" />
  </Folder>
</Solution>